
Microsoft Visual Studio Solution File, Format Version 12.00
# Visual Studio 14
VisualStudioVersion = 14.0.25420.1
MinimumVisualStudioVersion = 10.0.40219.1
Project("{FAE04EC0-301F-11D3-BF4B-00C04F79EFBC}") = "E_commerce.Data", "E_commerce.Data\E_commerce.Data.csproj", "{F307CACB-A252-4E73-B410-01D44D3E9E1E}"
EndProject
Project("{FAE04EC0-301F-11D3-BF4B-00C04F79EFBC}") = "E_commerce.Abstract", "E_commerce.Abstract\E_commerce.Abstract.csproj", "{4A85D8FA-7C28-4009-84E8-669ACDBFD163}"
EndProject
Project("{FAE04EC0-301F-11D3-BF4B-00C04F79EFBC}") = "E_commerce.Service", "E_commerce.Service\E_commerce.Service.csproj", "{07EED6D7-1679-4103-B064-B333E579FFCD}"
EndProject
Global
	GlobalSection(SolutionConfigurationPlatforms) = preSolution
		Debug|Any CPU = Debug|Any CPU
		Release|Any CPU = Release|Any CPU
	EndGlobalSection
	GlobalSection(ProjectConfigurationPlatforms) = postSolution
		{F307CACB-A252-4E73-B410-01D44D3E9E1E}.Debug|Any CPU.ActiveCfg = Debug|Any CPU
		{F307CACB-A252-4E73-B410-01D44D3E9E1E}.Debug|Any CPU.Build.0 = Debug|Any CPU
		{F307CACB-A252-4E73-B410-01D44D3E9E1E}.Release|Any CPU.ActiveCfg = Release|Any CPU
		{F307CACB-A252-4E73-B410-01D44D3E9E1E}.Release|Any CPU.Build.0 = Release|Any CPU
		{4A85D8FA-7C28-4009-84E8-669ACDBFD163}.Debug|Any CPU.ActiveCfg = Debug|Any CPU
		{4A85D8FA-7C28-4009-84E8-669ACDBFD163}.Debug|Any CPU.Build.0 = Debug|Any CPU
		{4A85D8FA-7C28-4009-84E8-669ACDBFD163}.Release|Any CPU.ActiveCfg = Release|Any CPU
		{4A85D8FA-7C28-4009-84E8-669ACDBFD163}.Release|Any CPU.Build.0 = Release|Any CPU
		{07EED6D7-1679-4103-B064-B333E579FFCD}.Debug|Any CPU.ActiveCfg = Debug|Any CPU
		{07EED6D7-1679-4103-B064-B333E579FFCD}.Debug|Any CPU.Build.0 = Debug|Any CPU
		{07EED6D7-1679-4103-B064-B333E579FFCD}.Release|Any CPU.ActiveCfg = Release|Any CPU
		{07EED6D7-1679-4103-B064-B333E579FFCD}.Release|Any CPU.Build.0 = Release|Any CPU
	EndGlobalSection
	GlobalSection(SolutionProperties) = preSolution
		HideSolutionNode = FALSE
	EndGlobalSection
EndGlobal
